{
  "name": "fast-png-parser",
  "version": "0.9.0",
  "lockfileVersion": 2,
  "requires": true,
  "packages": {
    "": {
      "name": "fast-png-parser",
      "version": "0.9.0",
      "license": "MIT",
      "devDependencies": {
        "@tsconfig/node-lts-strictest-esm": "^18.12.1",
        "@types/node": "^18.11.18",
        "crc-32": "^1.2.2",
        "typescript": "^4.9.4"
      }
    },
    "node_modules/@tsconfig/node-lts-strictest-esm": {
      "version": "18.12.1",
      "resolved": "https://registry.npmjs.org/@tsconfig/node-lts-strictest-esm/-/node-lts-strictest-esm-18.12.1.tgz",
      "integrity": "sha512-LvBLmaC6Q/txTddLc11OeMHF9XjJFzlilkETJuvBlUvHy9pPiMsoH3nxWZM1FMSO53zp4mJP6gzOzxKEq0me7Q==",
      "dev": true
    },
    "node_modules/@types/node": {
      "version": "18.11.18",
      "resolved": "https://registry.npmjs.org/@types/node/-/node-18.11.18.tgz",
      "integrity": "sha512-DHQpWGjyQKSHj3ebjFI/wRKcqQcdR+MoFBygntYOZytCqNfkd2ZC4ARDJ2DQqhjH5p85Nnd3jhUJIXrszFX/JA==",
      "dev": true
    },
    "node_modules/crc-32": {
      "version": "1.2.2",
      "resolved": "https://registry.npmjs.org/crc-32/-/crc-32-1.2.2.tgz",
      "integrity": "sha512-ROmzCKrTnOwybPcJApAA6WBWij23HVfGVNKqqrZpuyZOHqK2CwHSvpGuyt/UNNvaIjEd8X5IFGp4Mh+Ie1IHJQ==",
      "dev": true,
      "bin": {
        "crc32": "bin/crc32.njs"
      },
      "engines": {
        "node": ">=0.8"
      }
    },
    "node_modules/typescript": {
      "version": "4.9.4",
      "resolved": "https://registry.npmjs.org/typescript/-/typescript-4.9.4.tgz",
      "integrity": "sha512-Uz+dTXYzxXXbsFpM86Wh3dKCxrQqUcVMxwU54orwlJjOpO3ao8L7j5lH+dWfTwgCwIuM9GQ2kvVotzYJMXTBZg==",
      "dev": true,
      "bin": {
        "tsc": "bin/tsc",
        "tsserver": "bin/tsserver"
      },
      "engines": {
        "node": ">=4.2.0"
      }
    }
  },
  "dependencies": {
    "@tsconfig/node-lts-strictest-esm": {
      "version": "18.12.1",
      "resolved": "https://registry.npmjs.org/@tsconfig/node-lts-strictest-esm/-/node-lts-strictest-esm-18.12.1.tgz",
      "integrity": "sha512-LvBLmaC6Q/txTddLc11OeMHF9XjJFzlilkETJuvBlUvHy9pPiMsoH3nxWZM1FMSO53zp4mJP6gzOzxKEq0me7Q==",
      "dev": true
    },
    "@types/node": {
      "version": "18.11.18",
      "resolved": "https://registry.npmjs.org/@types/node/-/node-18.11.18.tgz",
      "integrity": "sha512-DHQpWGjyQKSHj3ebjFI/wRKcqQcdR+MoFBygntYOZytCqNfkd2ZC4ARDJ2DQqhjH5p85Nnd3jhUJIXrszFX/JA==",
      "dev": true
    },
    "crc-32": {
      "version": "1.2.2",
      "resolved": "https://registry.npmjs.org/crc-32/-/crc-32-1.2.2.tgz",
      "integrity": "sha512-ROmzCKrTnOwybPcJApAA6WBWij23HVfGVNKqqrZpuyZOHqK2CwHSvpGuyt/UNNvaIjEd8X5IFGp4Mh+Ie1IHJQ==",
      "dev": true
    },
    "typescript": {
      "version": "4.9.4",
      "resolved": "https://registry.npmjs.org/typescript/-/typescript-4.9.4.tgz",
      "integrity": "sha512-Uz+dTXYzxXXbsFpM86Wh3dKCxrQqUcVMxwU54orwlJjOpO3ao8L7j5lH+dWfTwgCwIuM9GQ2kvVotzYJMXTBZg==",
      "dev": true
    }
  }
}
